
Microsoft Visual Studio Solution File, Format Version 12.00
# Visual Studio Version 17
VisualStudioVersion = 17.1.32210.238
MinimumVisualStudioVersion = 10.0.40219.1
Project("{888888A0-9F3D-457C-B088-3A5042F75D52}") = "7-8", "7-8\7-8.pyproj", "{0DE1775B-338F-4EFA-9833-426470379ACD}"
EndProject
Global
	GlobalSection(SolutionConfigurationPlatforms) = preSolution
		Debug|Any CPU = Debug|Any CPU
		Release|Any CPU = Release|Any CPU
	EndGlobalSection
	GlobalSection(ProjectConfigurationPlatforms) = postSolution
		{0DE1775B-338F-4EFA-9833-426470379ACD}.Debug|Any CPU.ActiveCfg = Debug|Any CPU
		{0DE1775B-338F-4EFA-9833-426470379ACD}.Release|Any CPU.ActiveCfg = Release|Any CPU
	EndGlobalSection
	GlobalSection(SolutionProperties) = preSolution
		HideSolutionNode = FALSE
	EndGlobalSection
	GlobalSection(ExtensibilityGlobals) = postSolution
		SolutionGuid = {7AA5A1EB-6C53-4A31-A601-F74C9A2916B3}
	EndGlobalSection
EndGlobal
