
Microsoft Visual Studio Solution File, Format Version 12.00
# Visual Studio Version 17
VisualStudioVersion = 17.1.32210.238
MinimumVisualStudioVersion = 10.0.40219.1
Project("{888888A0-9F3D-457C-B088-3A5042F75D52}") = "lab9-12", "lab9-12\lab9-12.pyproj", "{7309D236-24B1-4095-8C12-12857E9051AA}"
EndProject
Global
	GlobalSection(SolutionConfigurationPlatforms) = preSolution
		Debug|Any CPU = Debug|Any CPU
		Release|Any CPU = Release|Any CPU
	EndGlobalSection
	GlobalSection(ProjectConfigurationPlatforms) = postSolution
		{7309D236-24B1-4095-8C12-12857E9051AA}.Debug|Any CPU.ActiveCfg = Debug|Any CPU
		{7309D236-24B1-4095-8C12-12857E9051AA}.Release|Any CPU.ActiveCfg = Release|Any CPU
	EndGlobalSection
	GlobalSection(SolutionProperties) = preSolution
		HideSolutionNode = FALSE
	EndGlobalSection
	GlobalSection(ExtensibilityGlobals) = postSolution
		SolutionGuid = {1F1482E3-B901-4B5E-8F3F-FAB7D5CC8204}
	EndGlobalSection
EndGlobal
