
Microsoft Visual Studio Solution File, Format Version 12.00
# Visual Studio Version 17
VisualStudioVersion = 17.1.32210.238
MinimumVisualStudioVersion = 10.0.40219.1
Project("{888888A0-9F3D-457C-B088-3A5042F75D52}") = "Lab_1_ind_zad", "Lab_1_ind_zad\Lab_1_ind_zad.pyproj", "{03CEAE24-30DD-480A-8630-30D6F2674271}"
EndProject
Global
	GlobalSection(SolutionConfigurationPlatforms) = preSolution
		Debug|Any CPU = Debug|Any CPU
		Release|Any CPU = Release|Any CPU
	EndGlobalSection
	GlobalSection(ProjectConfigurationPlatforms) = postSolution
		{03CEAE24-30DD-480A-8630-30D6F2674271}.Debug|Any CPU.ActiveCfg = Debug|Any CPU
		{03CEAE24-30DD-480A-8630-30D6F2674271}.Release|Any CPU.ActiveCfg = Release|Any CPU
	EndGlobalSection
	GlobalSection(SolutionProperties) = preSolution
		HideSolutionNode = FALSE
	EndGlobalSection
	GlobalSection(ExtensibilityGlobals) = postSolution
		SolutionGuid = {FAAF213E-53AC-4796-8372-9EA08D9C955E}
	EndGlobalSection
EndGlobal
