
Microsoft Visual Studio Solution File, Format Version 12.00
# Visual Studio Version 17
VisualStudioVersion = 17.1.32210.238
MinimumVisualStudioVersion = 10.0.40219.1
Project("{888888A0-9F3D-457C-B088-3A5042F75D52}") = "Laba_1", "Laba_1\Laba_1.pyproj", "{71E05B4B-C53E-464C-B7DC-977CB35D8FC8}"
EndProject
Global
	GlobalSection(SolutionConfigurationPlatforms) = preSolution
		Debug|Any CPU = Debug|Any CPU
		Release|Any CPU = Release|Any CPU
	EndGlobalSection
	GlobalSection(ProjectConfigurationPlatforms) = postSolution
		{71E05B4B-C53E-464C-B7DC-977CB35D8FC8}.Debug|Any CPU.ActiveCfg = Debug|Any CPU
		{71E05B4B-C53E-464C-B7DC-977CB35D8FC8}.Release|Any CPU.ActiveCfg = Release|Any CPU
	EndGlobalSection
	GlobalSection(SolutionProperties) = preSolution
		HideSolutionNode = FALSE
	EndGlobalSection
	GlobalSection(ExtensibilityGlobals) = postSolution
		SolutionGuid = {3DE9CBCB-2A32-4E2F-87C6-3C645A3FFFEE}
	EndGlobalSection
EndGlobal
